\section*{P1.1 {\footnotesize\hyperref[prob:P1.1]{(prob:P1.1)} \normalsize}}
 \addcontentsline{toc}{section}{P1.1 (prob:P1.1)}
 \markboth{Computational Physics 385}{Solutions: P1.1}
 \begin{itemize}
 \item[]
 \InputIfFileExists{solutions/prob:P1.1}{}{No Solution File Found}
 \end{itemize} \hrule
\section*{P1.2 {\footnotesize\hyperref[prob:P1.2]{(prob:P1.2)} \normalsize}}
 \addcontentsline{toc}{section}{P1.2 (prob:P1.2)}
 \markboth{Computational Physics 385}{Solutions: P1.2}
 \begin{itemize}
 \item[]
 \InputIfFileExists{solutions/prob:P1.2}{}{No Solution File Found}
 \end{itemize} \hrule
\section*{P1.3 {\footnotesize\hyperref[prob:P1.3]{(prob:P1.3)} \normalsize}}
 \addcontentsline{toc}{section}{P1.3 (prob:P1.3)}
 \markboth{Computational Physics 385}{Solutions: P1.3}
 \begin{itemize}
 \item[]
 \InputIfFileExists{solutions/prob:P1.3}{}{No Solution File Found}
 \end{itemize} \hrule
\section*{P1.4 {\footnotesize\hyperref[prob:P1.4]{(prob:P1.4)} \normalsize}}
 \addcontentsline{toc}{section}{P1.4 (prob:P1.4)}
 \markboth{Computational Physics 385}{Solutions: P1.4}
 \begin{itemize}
 \item[]
 \InputIfFileExists{solutions/prob:P1.4}{}{No Solution File Found}
 \end{itemize} \hrule
\section*{P1.5 {\footnotesize\hyperref[prob:P1.5]{(prob:P1.5)} \normalsize}}
 \addcontentsline{toc}{section}{P1.5 (prob:P1.5)}
 \markboth{Computational Physics 385}{Solutions: P1.5}
 \begin{itemize}
 \item[]
 \InputIfFileExists{solutions/prob:P1.5}{}{No Solution File Found}
 \end{itemize} \hrule
\section*{P1.6 {\footnotesize\hyperref[prob:P1.6]{(prob:P1.6)} \normalsize}}
 \addcontentsline{toc}{section}{P1.6 (prob:P1.6)}
 \markboth{Computational Physics 385}{Solutions: P1.6}
 \begin{itemize}
 \item[]
 \InputIfFileExists{solutions/prob:P1.6}{}{No Solution File Found}
 \end{itemize} \hrule
\section*{P1.7 {\footnotesize\hyperref[prob:P1.7]{(prob:P1.7)} \normalsize}}
 \addcontentsline{toc}{section}{P1.7 (prob:P1.7)}
 \markboth{Computational Physics 385}{Solutions: P1.7}
 \begin{itemize}
 \item[]
 \InputIfFileExists{solutions/prob:P1.7}{}{No Solution File Found}
 \end{itemize} \hrule
\section*{P3.1 {\footnotesize\hyperref[prob:P3.1]{(prob:P3.1)} \normalsize}}
 \addcontentsline{toc}{section}{P3.1 (prob:P3.1)}
 \markboth{Computational Physics 385}{Solutions: P3.1}
 \begin{itemize}
 \item[]
 \InputIfFileExists{solutions/prob:P3.1}{}{No Solution File Found}
 \end{itemize} \hrule
